PODS:
  - FBSnapshotTestCase (2.1.4):
    - FBSnapshotTestCase/SwiftSupport (= 2.1.4)
  - FBSnapshotTestCase/Core (2.1.4)
  - FBSnapshotTestCase/SwiftSupport (2.1.4):
    - FBSnapshotTestCase/Core
  - GGAFNetworking (0.1.0)

DEPENDENCIES:
  - FBSnapshotTestCase
  - GGAFNetworking (from `../`)

SPEC REPOS:
  trunk:
    - FBSnapshotTestCase

EXTERNAL SOURCES:
  GGAFNetworking:
    :path: "../"

SPEC CHECKSUMS:
  FBSnapshotTestCase: 094f9f314decbabe373b87cc339bea235a63e07a
  GGAFNetworking: d20dc327082d0915f570202ab12f3f2eeb291538

PODFILE CHECKSUM: eec2b0cb5e819c70977b85c414a09a4eba96c73c

COCOAPODS: 1.16.2
